// !$*UTF8*$!
{
	archiveVersion = 1;
	classes = {
	};
	objectVersion = 46;
	objects = {

/* Begin PBXBuildFile section */
		1666A3BD159CFCC000540D27 /* UIKit.framework in Frameworks */ = {isa = PBXBuildFile; fileRef = 1666A3BC159CFCC000540D27 /* UIKit.framework */; };
		1666A3BF159CFCC000540D27 /* Foundation.framework in Frameworks */ = {isa = PBXBuildFile; fileRef = 1666A3BE159CFCC000540D27 /* Foundation.framework */; };
		1666A3C1159CFCC000540D27 /* CoreGraphics.framework in Frameworks */ = {isa = PBXBuildFile; fileRef = 1666A3C0159CFCC000540D27 /* CoreGraphics.framework */; };
		1666A3C7159CFCC000540D27 /* InfoPlist.strings in Resources */ = {isa = PBXBuildFile; fileRef = 1666A3C5159CFCC000540D27 /* InfoPlist.strings */; };
		1666A3C9159CFCC000540D27 /* main.m in Sources */ = {isa = PBXBuildFile; fileRef = 1666A3C8159CFCC000540D27 /* main.m */; };
		1666A3CD159CFCC000540D27 /* AppDelegate.m in Sources */ = {isa = PBXBuildFile; fileRef = 1666A3CC159CFCC000540D27 /* AppDelegate.m */; };
		1666A3D0159CFCC000540D27 /* ViewController.m in Sources */ = {isa = PBXBuildFile; fileRef = 1666A3CF159CFCC000540D27 /* ViewController.m */; };
		1666A3D3159CFCC000540D27 /* ViewController.xib in Resources */ = {isa = PBXBuildFile; fileRef = 1666A3D1159CFCC000540D27 /* ViewController.xib */; };
		168445FD15A2598F00840F41 /* libRedButtonAPI.a in Frameworks */ = {isa = PBXBuildFile; fileRef = 168445FC15A2598F00840F41 /* libRedButtonAPI.a */; };
/* End PBXBuildFile section */

/* Begin PBXFileReference section */
		1666A3B8159CFCC000540D27 /* test.app */ = {isa = PBXFileReference; explicitFileType = wrapper.application; includeInIndex = 0; path = test.app; sourceTree = BUILT_PRODUCTS_DIR; };
		1666A3BC159CFCC000540D27 /* UIKit.framework */ = {isa = PBXFileReference; lastKnownFileType = wrapper.framework; name = UIKit.framework; path = System/Library/Frameworks/UIKit.framework; sourceTree = SDKROOT; };
		1666A3BE159CFCC000540D27 /* Foundation.framework */ = {isa = PBXFileReference; lastKnownFileType = wrapper.framework; name = Foundation.framework; path = System/Library/Frameworks/Foundation.framework; sourceTree = SDKROOT; };
		1666A3C0159CFCC000540D27 /* CoreGraphics.framework */ = {isa = PBXFileReference; lastKnownFileType = wrapper.framework; name = CoreGraphics.framework; path = System/Library/Frameworks/CoreGraphics.framework; sourceTree = SDKROOT; };
		1666A3C4159CFCC000540D27 /* test-Info.plist */ = {isa = PBXFileReference; lastKnownFileType = text.plist.xml; path = "test-Info.plist"; sourceTree = "<group>"; };
		1666A3C6159CFCC000540D27 /* en */ = {isa = PBXFileReference; lastKnownFileType = text.plist.strings; name = en; path = en.lproj/InfoPlist.strings; sourceTree = "<group>"; };
		1666A3C8159CFCC000540D27 /* main.m */ = {isa = PBXFileReference; lastKnownFileType = sourcecode.c.objc; path = main.m; sourceTree = "<group>"; };
		1666A3CA159CFCC000540D27 /* test-Prefix.pch */ = {isa = PBXFileReference; lastKnownFileType = sourcecode.c.h; path = "test-Prefix.pch"; sourceTree = "<group>"; };
		1666A3CB159CFCC000540D27 /* AppDelegate.h */ = {isa = PBXFileReference; lastKnownFileType = sourcecode.c.h; path = AppDelegate.h; sourceTree = "<group>"; };
		1666A3CC159CFCC000540D27 /* AppDelegate.m */ = {isa = PBXFileReference; lastKnownFileType = sourcecode.c.objc; path = AppDelegate.m; sourceTree = "<group>"; };
		1666A3CE159CFCC000540D27 /* ViewController.h */ = {isa = PBXFileReference; lastKnownFileType = sourcecode.c.h; path = ViewController.h; sourceTree = "<group>"; };
		1666A3CF159CFCC000540D27 /* ViewController.m */ = {isa = PBXFileReference; lastKnownFileType = sourcecode.c.objc; path = ViewController.m; sourceTree = "<group>"; };
		1666A3D2159CFCC000540D27 /* en */ = {isa = PBXFileReference; lastKnownFileType = file.xib; name = en; path = en.lproj/ViewController.xib; sourceTree = "<group>"; };
		168445FB15A2598A00840F41 /* RedButtonAPI.h */ = {isa = PBXFileReference; fileEncoding = 4; lastKnownFileType = sourcecode.c.h; path = RedButtonAPI.h; sourceTree = "<group>"; };
		168445FC15A2598F00840F41 /* libRedButtonAPI.a */ = {isa = PBXFileReference; lastKnownFileType = archive.ar; name = libRedButtonAPI.a; path = ../../../Desktop/API/libRedButtonAPI.a; sourceTree = "<group>"; };
/* End PBXFileReference section */

/* Begin PBXFrameworksBuildPhase section */
		1666A3B5159CFCC000540D27 /* Frameworks */ = {
			isa = PBXFrameworksBuildPhase;
			buildActionMask = 2147483647;
			files = (
				168445FD15A2598F00840F41 /* libRedButtonAPI.a in Frameworks */,
				1666A3BD159CFCC000540D27 /* UIKit.framework in Frameworks */,
				1666A3BF159CFCC000540D27 /* Foundation.framework in Frameworks */,
				1666A3C1159CFCC000540D27 /* CoreGraphics.framework in Frameworks */,
			);
			runOnlyForDeploymentPostprocessing = 0;
		};
/* End PBXFrameworksBuildPhase section */

/* Begin PBXGroup section */
		1666A3AD159CFCBF00540D27 = {
			isa = PBXGroup;
			children = (
				168445FC15A2598F00840F41 /* libRedButtonAPI.a */,
				168445FB15A2598A00840F41 /* RedButtonAPI.h */,
				1666A3C2159CFCC000540D27 /* test */,
				1666A3BB159CFCC000540D27 /* Frameworks */,
				1666A3B9159CFCC000540D27 /* Products */,
			);
			sourceTree = "<group>";
		};
		1666A3B9159CFCC000540D27 /* Products */ = {
			isa = PBXGroup;
			children = (
				1666A3B8159CFCC000540D27 /* test.app */,
			);
			name = Products;
			sourceTree = "<group>";
		};
		1666A3BB159CFCC000540D27 /* Frameworks */ = {
			isa = PBXGroup;
			children = (
				1666A3BC159CFCC000540D27 /* UIKit.framework */,
				1666A3BE159CFCC000540D27 /* Foundation.framework */,
				1666A3C0159CFCC000540D27 /* CoreGraphics.framework */,
			);
			name = Frameworks;
			sourceTree = "<group>";
		};
		1666A3C2159CFCC000540D27 /* test */ = {
			isa = PBXGroup;
			children = (
				1666A3CB159CFCC000540D27 /* AppDelegate.h */,
				1666A3CC159CFCC000540D27 /* AppDelegate.m */,
				1666A3CE159CFCC000540D27 /* ViewController.h */,
				1666A3CF159CFCC000540D27 /* ViewController.m */,
				1666A3D1159CFCC000540D27 /* ViewController.xib */,
				1666A3C3159CFCC000540D27 /* Supporting Files */,
			);
			path = test;
			sourceTree = "<group>";
		};
		1666A3C3159CFCC000540D27 /* Supporting Files */ = {
			isa = PBXGroup;
			children = (
				1666A3C4159CFCC000540D27 /* test-Info.plist */,
				1666A3C5159CFCC000540D27 /* InfoPlist.strings */,
				1666A3C8159CFCC000540D27 /* main.m */,
				1666A3CA159CFCC000540D27 /* test-Prefix.pch */,
			);
			name = "Supporting Files";
			sourceTree = "<group>";
		};
/* End PBXGroup section */

/* Begin PBXNativeTarget section */
		1666A3B7159CFCC000540D27 /* test */ = {
			isa = PBXNativeTarget;
			buildConfigurationList = 1666A3D6159CFCC000540D27 /* Build configuration list for PBXNativeTarget "test" */;
			buildPhases = (
				1666A3B4159CFCC000540D27 /* Sources */,
				1666A3B5159CFCC000540D27 /* Frameworks */,
				1666A3B6159CFCC000540D27 /* Resources */,
			);
			buildRules = (
			);
			dependencies = (
			);
			name = test;
			productName = test;
			productReference = 1666A3B8159CFCC000540D27 /* test.app */;
			productType = "com.apple.product-type.application";
		};
/* End PBXNativeTarget section */

/* Begin PBXProject section */
		1666A3AF159CFCBF00540D27 /* Project object */ = {
			isa = PBXProject;
			attributes = {
				LastUpgradeCheck = 0430;
			};
			buildConfigurationList = 1666A3B2159CFCBF00540D27 /* Build configuration list for PBXProject "test" */;
			compatibilityVersion = "Xcode 3.2";
			developmentRegion = English;
			hasScannedForEncodings = 0;
			knownRegions = (
				en,
			);
			mainGroup = 1666A3AD159CFCBF00540D27;
			productRefGroup = 1666A3B9159CFCC000540D27 /* Products */;
			projectDirPath = "";
			projectRoot = "";
			targets = (
				1666A3B7159CFCC000540D27 /* test */,
			);
		};
/* End PBXProject section */

/* Begin PBXResourcesBuildPhase section */
		1666A3B6159CFCC000540D27 /* Resources */ = {
			isa = PBXResourcesBuildPhase;
			buildActionMask = 2147483647;
			files = (
				1666A3C7159CFCC000540D27 /* InfoPlist.strings in Resources */,
				1666A3D3159CFCC000540D27 /* ViewController.xib in Resources */,
			);
			runOnlyForDeploymentPostprocessing = 0;
		};
/* End PBXResourcesBuildPhase section */

/* Begin PBXSourcesBuildPhase section */
		1666A3B4159CFCC000540D27 /* Sources */ = {
			isa = PBXSourcesBuildPhase;
			buildActionMask = 2147483647;
			files = (
				1666A3C9159CFCC000540D27 /* main.m in Sources */,
				1666A3CD159CFCC000540D27 /* AppDelegate.m in Sources */,
				1666A3D0159CFCC000540D27 /* ViewController.m in Sources */,
			);
			runOnlyForDeploymentPostprocessing = 0;
		};
/* End PBXSourcesBuildPhase section */

/* Begin PBXVariantGroup section */
		1666A3C5159CFCC000540D27 /* InfoPlist.strings */ = {
			isa = PBXVariantGroup;
			children = (
				1666A3C6159CFCC000540D27 /* en */,
			);
			name = InfoPlist.strings;
			sourceTree = "<group>";
		};
		1666A3D1159CFCC000540D27 /* ViewController.xib */ = {
			isa = PBXVariantGroup;
			children = (
				1666A3D2159CFCC000540D27 /* en */,
			);
			name = ViewController.xib;
			sourceTree = "<group>";
		};
/* End PBXVariantGroup section */

/* Begin XCBuildConfiguration section */
		1666A3D4159CFCC000540D27 /* Debug */ = {
			isa = XCBuildConfiguration;
			buildSettings = {
				ALWAYS_SEARCH_USER_PATHS = NO;
				ARCHS = "$(ARCHS_STANDARD_32_BIT)";
				CLANG_ENABLE_OBJC_ARC = YES;
				"CODE_SIGN_IDENTITY[sdk=iphoneos*]" = "iPhone Developer";
				COPY_PHASE_STRIP = NO;
				GCC_C_LANGUAGE_STANDARD = gnu99;
				GCC_DYNAMIC_NO_PIC = NO;
				GCC_OPTIMIZATION_LEVEL = 0;
				GCC_PREPROCESSOR_DEFINITIONS = (
					"DEBUG=1",
					"$(inherited)",
				);
				GCC_SYMBOLS_PRIVATE_EXTERN = NO;
				GCC_VERSION = com.apple.compilers.llvm.clang.1_0;
				GCC_WARN_ABOUT_RETURN_TYPE = YES;
				GCC_WARN_UNINITIALIZED_AUTOS = YES;
				GCC_WARN_UNUSED_VARIABLE = YES;
				IPHONEOS_DEPLOYMENT_TARGET = 5.1;
				SDKROOT = iphoneos;
			};
			name = Debug;
		};
		1666A3D5159CFCC000540D27 /* Release */ = {
			isa = XCBuildConfiguration;
			buildSettings = {
				ALWAYS_SEARCH_USER_PATHS = NO;
				ARCHS = "$(ARCHS_STANDARD_32_BIT)";
				CLANG_ENABLE_OBJC_ARC = YES;
				"CODE_SIGN_IDENTITY[sdk=iphoneos*]" = "iPhone Developer";
				COPY_PHASE_STRIP = YES;
				GCC_C_LANGUAGE_STANDARD = gnu99;
				GCC_VERSION = com.apple.compilers.llvm.clang.1_0;
				GCC_WARN_ABOUT_RETURN_TYPE = YES;
				GCC_WARN_UNINITIALIZED_AUTOS = YES;
				GCC_WARN_UNUSED_VARIABLE = YES;
				IPHONEOS_DEPLOYMENT_TARGET = 5.1;
				OTHER_CFLAGS = "-DNS_BLOCK_ASSERTIONS=1";
				SDKROOT = iphoneos;
				VALIDATE_PRODUCT = YES;
			};
			name = Release;
		};
		1666A3D7159CFCC000540D27 /* Debug */ = {
			isa = XCBuildConfiguration;
			buildSettings = {
				GCC_PRECOMPILE_PREFIX_HEADER = YES;
				GCC_PREFIX_HEADER = "test/test-Prefix.pch";
				HEADER_SEARCH_PATHS = "../**";
				INFOPLIST_FILE = "test/test-Info.plist";
				LIBRARY_SEARCH_PATHS = (
					"$(inherited)",
					"\"$(SRCROOT)/API\"",
					"\"$(SRCROOT)/../../../Desktop/API\"",
				);
				PRODUCT_NAME = "$(TARGET_NAME)";
				WRAPPER_EXTENSION = app;
			};
			name = Debug;
		};
		1666A3D8159CFCC000540D27 /* Release */ = {
			isa = XCBuildConfiguration;
			buildSettings = {
				GCC_PRECOMPILE_PREFIX_HEADER = YES;
				GCC_PREFIX_HEADER = "test/test-Prefix.pch";
				HEADER_SEARCH_PATHS = "../**";
				INFOPLIST_FILE = "test/test-Info.plist";
				LIBRARY_SEARCH_PATHS = (
					"$(inherited)",
					"\"$(SRCROOT)/API\"",
					"\"$(SRCROOT)/../../../Desktop/API\"",
				);
				PRODUCT_NAME = "$(TARGET_NAME)";
				WRAPPER_EXTENSION = app;
			};
			name = Release;
		};
/* End XCBuildConfiguration section */

/* Begin XCConfigurationList section */
		1666A3B2159CFCBF00540D27 /* Build configuration list for PBXProject "test" */ = {
			isa = XCConfigurationList;
			buildConfigurations = (
				1666A3D4159CFCC000540D27 /* Debug */,
				1666A3D5159CFCC000540D27 /* Release */,
			);
			defaultConfigurationIsVisible = 0;
			defaultConfigurationName = Release;
		};
		1666A3D6159CFCC000540D27 /* Build configuration list for PBXNativeTarget "test" */ = {
			isa = XCConfigurationList;
			buildConfigurations = (
				1666A3D7159CFCC000540D27 /* Debug */,
				1666A3D8159CFCC000540D27 /* Release */,
			);
			defaultConfigurationIsVisible = 0;
			defaultConfigurationName = Release;
		};
/* End XCConfigurationList section */
	};
	rootObject = 1666A3AF159CFCBF00540D27 /* Project object */;
}
